
Microsoft Visual Studio Solution File, Format Version 12.00
# Visual Studio Version 16
VisualStudioVersion = 16.0.31605.320
MinimumVisualStudioVersion = 10.0.40219.1
Project("{9A19103F-16F7-4668-BE54-9A1E7A4F7556}") = "AutoCore.Auth", "AutoCore.Auth\AutoCore.Auth.csproj", "{C5C4FC9F-E206-4341-9BF8-A6D30AD98C3B}"
EndProject
Project("{FAE04EC0-301F-11D3-BF4B-00C04F79EFBC}") = "AutoCore.Global", "AutoCore.Global\AutoCore.Global.csproj", "{EA57A792-1DE5-4996-BBD6-3FF0EC0F3953}"
EndProject
Project("{FAE04EC0-301F-11D3-BF4B-00C04F79EFBC}") = "AutoCore.Sector", "AutoCore.Sector\AutoCore.Sector.csproj", "{7098373A-A30A-4E14-B004-E01E83CD860C}"
EndProject
Project("{FAE04EC0-301F-11D3-BF4B-00C04F79EFBC}") = "AutoCore.Utils", "AutoCore.Utils\AutoCore.Utils.csproj", "{5C3C5D0F-4C75-416C-A112-06482FB5986E}"
EndProject
Project("{FAE04EC0-301F-11D3-BF4B-00C04F79EFBC}") = "AutoCore.Game", "AutoCore.Game\AutoCore.Game.csproj", "{51D5B150-C099-49A3-94B7-3D5C302259DB}"
EndProject
Global
	GlobalSection(SolutionConfigurationPlatforms) = preSolution
		Debug|Any CPU = Debug|Any CPU
		Release|Any CPU = Release|Any CPU
	EndGlobalSection
	GlobalSection(ProjectConfigurationPlatforms) = postSolution
		{C5C4FC9F-E206-4341-9BF8-A6D30AD98C3B}.Debug|Any CPU.ActiveCfg = Debug|Any CPU
		{C5C4FC9F-E206-4341-9BF8-A6D30AD98C3B}.Debug|Any CPU.Build.0 = Debug|Any CPU
		{C5C4FC9F-E206-4341-9BF8-A6D30AD98C3B}.Release|Any CPU.ActiveCfg = Release|Any CPU
		{C5C4FC9F-E206-4341-9BF8-A6D30AD98C3B}.Release|Any CPU.Build.0 = Release|Any CPU
		{EA57A792-1DE5-4996-BBD6-3FF0EC0F3953}.Debug|Any CPU.ActiveCfg = Debug|Any CPU
		{EA57A792-1DE5-4996-BBD6-3FF0EC0F3953}.Debug|Any CPU.Build.0 = Debug|Any CPU
		{EA57A792-1DE5-4996-BBD6-3FF0EC0F3953}.Release|Any CPU.ActiveCfg = Release|Any CPU
		{EA57A792-1DE5-4996-BBD6-3FF0EC0F3953}.Release|Any CPU.Build.0 = Release|Any CPU
		{7098373A-A30A-4E14-B004-E01E83CD860C}.Debug|Any CPU.ActiveCfg = Debug|Any CPU
		{7098373A-A30A-4E14-B004-E01E83CD860C}.Debug|Any CPU.Build.0 = Debug|Any CPU
		{7098373A-A30A-4E14-B004-E01E83CD860C}.Release|Any CPU.ActiveCfg = Release|Any CPU
		{7098373A-A30A-4E14-B004-E01E83CD860C}.Release|Any CPU.Build.0 = Release|Any CPU
		{5C3C5D0F-4C75-416C-A112-06482FB5986E}.Debug|Any CPU.ActiveCfg = Debug|Any CPU
		{5C3C5D0F-4C75-416C-A112-06482FB5986E}.Debug|Any CPU.Build.0 = Debug|Any CPU
		{5C3C5D0F-4C75-416C-A112-06482FB5986E}.Release|Any CPU.ActiveCfg = Release|Any CPU
		{5C3C5D0F-4C75-416C-A112-06482FB5986E}.Release|Any CPU.Build.0 = Release|Any CPU
		{51D5B150-C099-49A3-94B7-3D5C302259DB}.Debug|Any CPU.ActiveCfg = Debug|Any CPU
		{51D5B150-C099-49A3-94B7-3D5C302259DB}.Debug|Any CPU.Build.0 = Debug|Any CPU
		{51D5B150-C099-49A3-94B7-3D5C302259DB}.Release|Any CPU.ActiveCfg = Release|Any CPU
		{51D5B150-C099-49A3-94B7-3D5C302259DB}.Release|Any CPU.Build.0 = Release|Any CPU
	EndGlobalSection
	GlobalSection(SolutionProperties) = preSolution
		HideSolutionNode = FALSE
	EndGlobalSection
	GlobalSection(ExtensibilityGlobals) = postSolution
		SolutionGuid = {BA9952EA-4196-4EB7-9548-6C4CE62781A5}
	EndGlobalSection
EndGlobal
