
Microsoft Visual Studio Solution File, Format Version 12.00
# Visual Studio Version 17
VisualStudioVersion = 17.5.33530.505
MinimumVisualStudioVersion = 10.0.40219.1
Project("{9A19103F-16F7-4668-BE54-9A1E7A4F7556}") = "AutoCore.Auth", "AutoCore.Auth\AutoCore.Auth.csproj", "{C5C4FC9F-E206-4341-9BF8-A6D30AD98C3B}"
EndProject
Project("{9A19103F-16F7-4668-BE54-9A1E7A4F7556}") = "AutoCore.Global", "AutoCore.Global\AutoCore.Global.csproj", "{EA57A792-1DE5-4996-BBD6-3FF0EC0F3953}"
EndProject
Project("{9A19103F-16F7-4668-BE54-9A1E7A4F7556}") = "AutoCore.Sector", "AutoCore.Sector\AutoCore.Sector.csproj", "{7098373A-A30A-4E14-B004-E01E83CD860C}"
EndProject
Project("{9A19103F-16F7-4668-BE54-9A1E7A4F7556}") = "AutoCore.Utils", "AutoCore.Utils\AutoCore.Utils.csproj", "{5C3C5D0F-4C75-416C-A112-06482FB5986E}"
EndProject
Project("{9A19103F-16F7-4668-BE54-9A1E7A4F7556}") = "AutoCore.Communicator", "AutoCore.Communicator\AutoCore.Communicator.csproj", "{08D3C424-94C6-46FE-9D7D-399817073D86}"
EndProject
Project("{2150E333-8FDC-42A3-9474-1A3956D46DE8}") = "src", "src", "{6EC7095A-5FB5-4F16-9B50-F0FE453F8F04}"
EndProject
Project("{2150E333-8FDC-42A3-9474-1A3956D46DE8}") = "test", "test", "{032B04CA-4839-4D1C-AA37-0EB6A048F2F1}"
EndProject
Project("{9A19103F-16F7-4668-BE54-9A1E7A4F7556}") = "AutoCore.Utils.Tests", "AutoCore.Utils.Tests\AutoCore.Utils.Tests.csproj", "{CCA0A70C-8EA9-4AD6-9145-E06E932324E5}"
EndProject
Project("{9A19103F-16F7-4668-BE54-9A1E7A4F7556}") = "AutoCore.Database", "AutoCore.Database\AutoCore.Database.csproj", "{B070F341-EFC7-499A-8D91-E4D7B6539608}"
EndProject
Project("{9A19103F-16F7-4668-BE54-9A1E7A4F7556}") = "AutoCore.Game", "AutoCore.Game\AutoCore.Game.csproj", "{5BFE636E-FD92-49DA-BEB7-A31DA5D440E1}"
EndProject
Project("{2150E333-8FDC-42A3-9474-1A3956D46DE8}") = "lib", "lib", "{098C2A7E-0BFE-4311-8F31-C8F0CAE16C69}"
EndProject
Project("{9A19103F-16F7-4668-BE54-9A1E7A4F7556}") = "TNL.NET", "..\lib\TNL.NET\TNL.NET\TNL.NET.csproj", "{F9E15C7F-5C65-4F25-8FEE-534008D72121}"
EndProject
Project("{FAE04EC0-301F-11D3-BF4B-00C04F79EFBC}") = "AutoCore.Launcher", "AutoCore.Launcher\AutoCore.Launcher.csproj", "{62B4725A-D4A7-4413-BDCF-DCA69020DE43}"
EndProject
Project("{9A19103F-16F7-4668-BE54-9A1E7A4F7556}") = "AutoCore.Extractor", "AutoCore.Extractor\AutoCore.Extractor.csproj", "{A1B2C3D4-E5F6-7890-ABCD-EF1234567890}"
EndProject
Global
	GlobalSection(SolutionConfigurationPlatforms) = preSolution
		Debug|Any CPU = Debug|Any CPU
		Release|Any CPU = Release|Any CPU
	EndGlobalSection
	GlobalSection(ProjectConfigurationPlatforms) = postSolution
		{C5C4FC9F-E206-4341-9BF8-A6D30AD98C3B}.Debug|Any CPU.ActiveCfg = Debug|Any CPU
		{C5C4FC9F-E206-4341-9BF8-A6D30AD98C3B}.Debug|Any CPU.Build.0 = Debug|Any CPU
		{C5C4FC9F-E206-4341-9BF8-A6D30AD98C3B}.Release|Any CPU.ActiveCfg = Release|Any CPU
		{C5C4FC9F-E206-4341-9BF8-A6D30AD98C3B}.Release|Any CPU.Build.0 = Release|Any CPU
		{EA57A792-1DE5-4996-BBD6-3FF0EC0F3953}.Debug|Any CPU.ActiveCfg = Debug|Any CPU
		{EA57A792-1DE5-4996-BBD6-3FF0EC0F3953}.Debug|Any CPU.Build.0 = Debug|Any CPU
		{EA57A792-1DE5-4996-BBD6-3FF0EC0F3953}.Release|Any CPU.ActiveCfg = Release|Any CPU
		{EA57A792-1DE5-4996-BBD6-3FF0EC0F3953}.Release|Any CPU.Build.0 = Release|Any CPU
		{7098373A-A30A-4E14-B004-E01E83CD860C}.Debug|Any CPU.ActiveCfg = Debug|Any CPU
		{7098373A-A30A-4E14-B004-E01E83CD860C}.Debug|Any CPU.Build.0 = Debug|Any CPU
		{7098373A-A30A-4E14-B004-E01E83CD860C}.Release|Any CPU.ActiveCfg = Release|Any CPU
		{7098373A-A30A-4E14-B004-E01E83CD860C}.Release|Any CPU.Build.0 = Release|Any CPU
		{5C3C5D0F-4C75-416C-A112-06482FB5986E}.Debug|Any CPU.ActiveCfg = Debug|Any CPU
		{5C3C5D0F-4C75-416C-A112-06482FB5986E}.Debug|Any CPU.Build.0 = Debug|Any CPU
		{5C3C5D0F-4C75-416C-A112-06482FB5986E}.Release|Any CPU.ActiveCfg = Release|Any CPU
		{5C3C5D0F-4C75-416C-A112-06482FB5986E}.Release|Any CPU.Build.0 = Release|Any CPU
		{08D3C424-94C6-46FE-9D7D-399817073D86}.Debug|Any CPU.ActiveCfg = Debug|Any CPU
		{08D3C424-94C6-46FE-9D7D-399817073D86}.Debug|Any CPU.Build.0 = Debug|Any CPU
		{08D3C424-94C6-46FE-9D7D-399817073D86}.Release|Any CPU.ActiveCfg = Release|Any CPU
		{08D3C424-94C6-46FE-9D7D-399817073D86}.Release|Any CPU.Build.0 = Release|Any CPU
		{CCA0A70C-8EA9-4AD6-9145-E06E932324E5}.Debug|Any CPU.ActiveCfg = Debug|Any CPU
		{CCA0A70C-8EA9-4AD6-9145-E06E932324E5}.Debug|Any CPU.Build.0 = Debug|Any CPU
		{CCA0A70C-8EA9-4AD6-9145-E06E932324E5}.Release|Any CPU.ActiveCfg = Release|Any CPU
		{CCA0A70C-8EA9-4AD6-9145-E06E932324E5}.Release|Any CPU.Build.0 = Release|Any CPU
		{B070F341-EFC7-499A-8D91-E4D7B6539608}.Debug|Any CPU.ActiveCfg = Debug|Any CPU
		{B070F341-EFC7-499A-8D91-E4D7B6539608}.Debug|Any CPU.Build.0 = Debug|Any CPU
		{B070F341-EFC7-499A-8D91-E4D7B6539608}.Release|Any CPU.ActiveCfg = Release|Any CPU
		{B070F341-EFC7-499A-8D91-E4D7B6539608}.Release|Any CPU.Build.0 = Release|Any CPU
		{5BFE636E-FD92-49DA-BEB7-A31DA5D440E1}.Debug|Any CPU.ActiveCfg = Debug|Any CPU
		{5BFE636E-FD92-49DA-BEB7-A31DA5D440E1}.Debug|Any CPU.Build.0 = Debug|Any CPU
		{5BFE636E-FD92-49DA-BEB7-A31DA5D440E1}.Release|Any CPU.ActiveCfg = Release|Any CPU
		{5BFE636E-FD92-49DA-BEB7-A31DA5D440E1}.Release|Any CPU.Build.0 = Release|Any CPU
		{F9E15C7F-5C65-4F25-8FEE-534008D72121}.Debug|Any CPU.ActiveCfg = Debug|Any CPU
		{F9E15C7F-5C65-4F25-8FEE-534008D72121}.Debug|Any CPU.Build.0 = Debug|Any CPU
		{F9E15C7F-5C65-4F25-8FEE-534008D72121}.Release|Any CPU.ActiveCfg = Release|Any CPU
		{F9E15C7F-5C65-4F25-8FEE-534008D72121}.Release|Any CPU.Build.0 = Release|Any CPU
		{62B4725A-D4A7-4413-BDCF-DCA69020DE43}.Debug|Any CPU.ActiveCfg = Debug|Any CPU
		{62B4725A-D4A7-4413-BDCF-DCA69020DE43}.Debug|Any CPU.Build.0 = Debug|Any CPU
		{62B4725A-D4A7-4413-BDCF-DCA69020DE43}.Release|Any CPU.ActiveCfg = Release|Any CPU
		{62B4725A-D4A7-4413-BDCF-DCA69020DE43}.Release|Any CPU.Build.0 = Release|Any CPU
		{A1B2C3D4-E5F6-7890-ABCD-EF1234567890}.Debug|Any CPU.ActiveCfg = Debug|Any CPU
		{A1B2C3D4-E5F6-7890-ABCD-EF1234567890}.Debug|Any CPU.Build.0 = Debug|Any CPU
		{A1B2C3D4-E5F6-7890-ABCD-EF1234567890}.Release|Any CPU.ActiveCfg = Release|Any CPU
		{A1B2C3D4-E5F6-7890-ABCD-EF1234567890}.Release|Any CPU.Build.0 = Release|Any CPU
	EndGlobalSection
	GlobalSection(SolutionProperties) = preSolution
		HideSolutionNode = FALSE
	EndGlobalSection
	GlobalSection(NestedProjects) = preSolution
		{C5C4FC9F-E206-4341-9BF8-A6D30AD98C3B} = {6EC7095A-5FB5-4F16-9B50-F0FE453F8F04}
		{EA57A792-1DE5-4996-BBD6-3FF0EC0F3953} = {6EC7095A-5FB5-4F16-9B50-F0FE453F8F04}
		{7098373A-A30A-4E14-B004-E01E83CD860C} = {6EC7095A-5FB5-4F16-9B50-F0FE453F8F04}
		{5C3C5D0F-4C75-416C-A112-06482FB5986E} = {6EC7095A-5FB5-4F16-9B50-F0FE453F8F04}
		{08D3C424-94C6-46FE-9D7D-399817073D86} = {6EC7095A-5FB5-4F16-9B50-F0FE453F8F04}
		{CCA0A70C-8EA9-4AD6-9145-E06E932324E5} = {032B04CA-4839-4D1C-AA37-0EB6A048F2F1}
		{B070F341-EFC7-499A-8D91-E4D7B6539608} = {6EC7095A-5FB5-4F16-9B50-F0FE453F8F04}
		{5BFE636E-FD92-49DA-BEB7-A31DA5D440E1} = {6EC7095A-5FB5-4F16-9B50-F0FE453F8F04}
		{F9E15C7F-5C65-4F25-8FEE-534008D72121} = {098C2A7E-0BFE-4311-8F31-C8F0CAE16C69}
		{62B4725A-D4A7-4413-BDCF-DCA69020DE43} = {6EC7095A-5FB5-4F16-9B50-F0FE453F8F04}
		{A1B2C3D4-E5F6-7890-ABCD-EF1234567890} = {6EC7095A-5FB5-4F16-9B50-F0FE453F8F04}
	EndGlobalSection
	GlobalSection(ExtensibilityGlobals) = postSolution
		SolutionGuid = {BA9952EA-4196-4EB7-9548-6C4CE62781A5}
	EndGlobalSection
EndGlobal
